
Microsoft Visual Studio Solution File, Format Version 12.00
# Visual Studio 2013
VisualStudioVersion = 12.0.40629.0
MinimumVisualStudioVersion = 10.0.40219.1
Project("{FAE04EC0-301F-11D3-BF4B-00C04F79EFBC}") = "TwoSum", "TwoSum\TwoSum.csproj", "{8A1A1299-7350-4554-9779-4688688785D9}"
EndProject
Project("{FAE04EC0-301F-11D3-BF4B-00C04F79EFBC}") = "TwoSumTests", "TwoSumTests\TwoSumTests.csproj", "{80053DA5-2190-4654-B8B1-A6A5844D7E16}"
EndProject
Global
	GlobalSection(SolutionConfigurationPlatforms) = preSolution
		Debug|Any CPU = Debug|Any CPU
		Release|Any CPU = Release|Any CPU
	EndGlobalSection
	GlobalSection(ProjectConfigurationPlatforms) = postSolution
		{8A1A1299-7350-4554-9779-4688688785D9}.Debug|Any CPU.ActiveCfg = Debug|Any CPU
		{8A1A1299-7350-4554-9779-4688688785D9}.Debug|Any CPU.Build.0 = Debug|Any CPU
		{8A1A1299-7350-4554-9779-4688688785D9}.Release|Any CPU.ActiveCfg = Release|Any CPU
		{8A1A1299-7350-4554-9779-4688688785D9}.Release|Any CPU.Build.0 = Release|Any CPU
		{80053DA5-2190-4654-B8B1-A6A5844D7E16}.Debug|Any CPU.ActiveCfg = Debug|Any CPU
		{80053DA5-2190-4654-B8B1-A6A5844D7E16}.Debug|Any CPU.Build.0 = Debug|Any CPU
		{80053DA5-2190-4654-B8B1-A6A5844D7E16}.Release|Any CPU.ActiveCfg = Release|Any CPU
		{80053DA5-2190-4654-B8B1-A6A5844D7E16}.Release|Any CPU.Build.0 = Release|Any CPU
	EndGlobalSection
	GlobalSection(SolutionProperties) = preSolution
		HideSolutionNode = FALSE
	EndGlobalSection
EndGlobal
